<?xml version="1.0" encoding="utf-8"?>
<Project ToolsVersion="4.0" xmlns="http://schemas.microsoft.com/developer/msbuild/2003">
  <ItemGroup>
    <Filter Include="2. Game">
      <UniqueIdentifier>{ccf6f6d0-ae4a-40da-afd4-133585a5e30f}</UniqueIdentifier>
    </Filter>
    <Filter Include="2. Game\Demo">
      <UniqueIdentifier>{2d092f49-39b6-4c0c-91c1-e3f48ba5870e}</UniqueIdentifier>
    </Filter>
    <Filter Include="2. Game\Shaders">
      <UniqueIdentifier>{dc048861-8094-4d81-8e1d-09cf349249c3}</UniqueIdentifier>
    </Filter>
    <Filter Include="2. Game\00. Headers">
      <UniqueIdentifier>{aa2018b1-d353-4cf5-8acd-08e2a67dd6be}</UniqueIdentifier>
    </Filter>
    <Filter Include="2. Game\01. Common">
      <UniqueIdentifier>{37de27df-36d8-409f-ae96-16b637d22eb8}</UniqueIdentifier>
    </Filter>
    <Filter Include="2. Game\App">
      <UniqueIdentifier>{d4ee942b-ae43-4d32-9960-811c5058929a}</UniqueIdentifier>
    </Filter>
    <Filter Include="1. Editor">
      <UniqueIdentifier>{7d66924e-4e0f-47c7-a9a9-1dd8621e487d}</UniqueIdentifier>
    </Filter>
    <Filter Include="0. Engine">
      <UniqueIdentifier>{2c8d9d8c-d25c-4cad-92d9-772e50adeed7}</UniqueIdentifier>
    </Filter>
    <Filter Include="0. Engine\Component">
      <UniqueIdentifier>{0b6109b7-e243-47aa-a0ee-0c1579320cf0}</UniqueIdentifier>
    </Filter>
    <Filter Include="0. Engine\Component\Transform">
      <UniqueIdentifier>{8baf53a0-6769-4d79-9a36-f02b52059779}</UniqueIdentifier>
    </Filter>
    <Filter Include="0. Engine\Component\0. Base">
      <UniqueIdentifier>{bbf8b30a-36f1-43f2-8961-015eaca623f4}</UniqueIdentifier>
    </Filter>
    <Filter Include="0. Engine\Component\RigidBody">
      <UniqueIdentifier>{d1556633-cadd-4c30-9d2a-3c53c423e46e}</UniqueIdentifier>
    </Filter>
    <Filter Include="0. Engine\Component\Collider">
      <UniqueIdentifier>{3cdd5ec9-5503-45ca-9d70-48788ebd1c3b}</UniqueIdentifier>
    </Filter>
    <Filter Include="0. Engine\Component\Collider\BoxCollider">
      <UniqueIdentifier>{06af4196-39f7-4b6d-921c-41850b00ceab}</UniqueIdentifier>
    </Filter>
    <Filter Include="0. Engine\Component\Collider\SphereCollider">
      <UniqueIdentifier>{313dbb1f-4adf-4442-a154-a8a1371bab1b}</UniqueIdentifier>
    </Filter>
    <Filter Include="0. Engine\Component\0. Editor">
      <UniqueIdentifier>{b4dce466-c5d9-4805-ac8d-4fbab6d7564a}</UniqueIdentifier>
    </Filter>
    <Filter Include="0. Engine\Component\0. Editor\EditorCamera">
      <UniqueIdentifier>{499fa586-e293-4a99-a718-4c610c8d2e11}</UniqueIdentifier>
    </Filter>
    <Filter Include="0. Engine\Component\Camera">
      <UniqueIdentifier>{8402e162-9673-42ec-9ac8-be8e7475686f}</UniqueIdentifier>
    </Filter>
    <Filter Include="0. Engine\GameObject">
      <UniqueIdentifier>{64dba578-83fa-437f-93d1-7331eed8b124}</UniqueIdentifier>
    </Filter>
    <Filter Include="0. Engine\Shader">
      <UniqueIdentifier>{6f371416-cc11-4eed-8da7-e8414a34a94a}</UniqueIdentifier>
    </Filter>
    <Filter Include="0. Engine\Shader\NormalMapSkinned">
      <UniqueIdentifier>{50d9ed23-6322-42bf-a07b-de2933342a97}</UniqueIdentifier>
    </Filter>
    <Filter Include="0. Engine\Shader\Material">
      <UniqueIdentifier>{5228a916-4096-4730-8e48-9bc69cd498d7}</UniqueIdentifier>
    </Filter>
    <Filter Include="0. Engine\Scene">
      <UniqueIdentifier>{553b740f-09ad-4fca-860c-5fb7bfcc62ae}</UniqueIdentifier>
    </Filter>
    <Filter Include="0. Engine\Scene\0. Base">
      <UniqueIdentifier>{3c1ba7dd-4dfc-4cd6-9346-8b65232f8488}</UniqueIdentifier>
    </Filter>
    <Filter Include="0. Engine\00. Header">
      <UniqueIdentifier>{f2a3dc45-2565-4286-9b16-4b20e9602121}</UniqueIdentifier>
    </Filter>
    <Filter Include="0. Engine\App">
      <UniqueIdentifier>{158a70d6-54a8-4d5c-ae5f-981775ec3523}</UniqueIdentifier>
    </Filter>
    <Filter Include="0. Engine\ImguiContainer">
      <UniqueIdentifier>{6335fedd-5f53-4747-b4af-e9793084429a}</UniqueIdentifier>
    </Filter>
    <Filter Include="0. Engine\ImguiContainer\0. Core">
      <UniqueIdentifier>{a61e248d-b524-4276-9960-a0a7f19d9033}</UniqueIdentifier>
    </Filter>
    <Filter Include="0. Engine\ImguiContainer\1. Base">
      <UniqueIdentifier>{d56871c5-4795-4c3c-85b3-268d778c81bf}</UniqueIdentifier>
    </Filter>
    <Filter Include="0. Engine\ImguiContainer\1. Base\EditorWindow">
      <UniqueIdentifier>{ee80240f-f446-403f-9348-b6bcc6a9ba5b}</UniqueIdentifier>
    </Filter>
    <Filter Include="0. Engine\ImguiContainer\0. Editor">
      <UniqueIdentifier>{829e1245-bd97-4ef9-a3de-5d7765c7e85f}</UniqueIdentifier>
    </Filter>
    <Filter Include="0. Engine\98. Utils">
      <UniqueIdentifier>{861c456f-060b-45fd-a1c8-ee2f466bf87a}</UniqueIdentifier>
    </Filter>
    <Filter Include="0. Engine\98. Utils\EditorUtility">
      <UniqueIdentifier>{834d5b16-c2c5-45b6-986c-cd9a5ef54e76}</UniqueIdentifier>
    </Filter>
    <Filter Include="0. Engine\Manager">
      <UniqueIdentifier>{c94e3105-beff-449c-b378-f8c60e06adff}</UniqueIdentifier>
    </Filter>
    <Filter Include="0. Engine\Manager\RenderManager">
      <UniqueIdentifier>{43ad6e07-5c80-40c4-9310-e67e2a2d935e}</UniqueIdentifier>
    </Filter>
    <Filter Include="0. Engine\Manager\TimeManager">
      <UniqueIdentifier>{55973ca5-fcc5-4012-aff8-78d199739482}</UniqueIdentifier>
    </Filter>
    <Filter Include="0. Engine\Manager\Editor">
      <UniqueIdentifier>{e466edc6-b8da-483a-a747-4b2623887009}</UniqueIdentifier>
    </Filter>
    <Filter Include="0. Engine\Manager\Editor\SelectionManager">
      <UniqueIdentifier>{4784bdb0-d89b-49c2-b8c1-2ee3022ff4ec}</UniqueIdentifier>
    </Filter>
    <Filter Include="0. Engine\Manager\Editor\EditorSettingManager">
      <UniqueIdentifier>{bfa631b1-4b7d-400d-ae02-53ce10fb6d0e}</UniqueIdentifier>
    </Filter>
    <Filter Include="0. Engine\Manager\Editor\SceneViewManager">
      <UniqueIdentifier>{938a1da5-237c-470e-885e-bf5771588abd}</UniqueIdentifier>
    </Filter>
    <Filter Include="0. Engine\Manager\ResourceManager">
      <UniqueIdentifier>{5e07e780-7225-4fb7-a258-5093a21de822}</UniqueIdentifier>
    </Filter>
    <Filter Include="0. Engine\Manager\InputManager">
      <UniqueIdentifier>{2fab3b4d-24e3-4fbe-8094-a14cf4306e3d}</UniqueIdentifier>
    </Filter>
    <Filter Include="0. Engine\Manager\PostProcessingManager">
      <UniqueIdentifier>{328db151-8bd3-41fa-9cde-815d234ceb98}</UniqueIdentifier>
    </Filter>
    <Filter Include="1. Editor\Debug">
      <UniqueIdentifier>{e8eebb58-eba0-4d85-b7e5-2911df7dd6fd}</UniqueIdentifier>
    </Filter>
    <Filter Include="0. Engine\98. Utils\Vector">
      <UniqueIdentifier>{2078ef67-5851-4b31-b627-37310c9884a2}</UniqueIdentifier>
    </Filter>
    <Filter Include="0. Engine\Physics">
      <UniqueIdentifier>{64e1e28d-0ff6-4f16-b121-862f195acf4c}</UniqueIdentifier>
    </Filter>
    <Filter Include="0. Engine\Physics\PhysicsManager">
      <UniqueIdentifier>{12d75b60-5376-4662-97b8-098756f516b6}</UniqueIdentifier>
    </Filter>
    <Filter Include="0. Engine\Physics\CollisionDetector">
      <UniqueIdentifier>{b5d95a05-de8f-4de3-bb76-cef1509a6f30}</UniqueIdentifier>
    </Filter>
    <Filter Include="0. Engine\Physics\CollisionResolver">
      <UniqueIdentifier>{f9ad989b-3a91-45dc-ac76-fcb8427959f2}</UniqueIdentifier>
    </Filter>
    <Filter Include="0. Engine\98. Utils\Type">
      <UniqueIdentifier>{2ffa6689-c7cb-43df-8778-73505b9e4123}</UniqueIdentifier>
    </Filter>
    <Filter Include="0. Engine\98. Utils\Json">
      <UniqueIdentifier>{6e637bbb-d7b8-4e03-871e-faa549e0b938}</UniqueIdentifier>
    </Filter>
    <Filter Include="0. Engine\ImguiContainer\0. Core\0. NodeEditor">
      <UniqueIdentifier>{7ca90e6c-d596-41fc-824f-9e99b50efffc}</UniqueIdentifier>
    </Filter>
    <Filter Include="0. Engine\InstancingBuffer">
      <UniqueIdentifier>{a30ab9b5-0a54-4489-98ec-ec292a346234}</UniqueIdentifier>
    </Filter>
    <Filter Include="0. Engine\Manager\PathManager">
      <UniqueIdentifier>{0c738e11-69c4-4d17-b645-4e58748ea0e6}</UniqueIdentifier>
    </Filter>
    <Filter Include="0. Engine\Component\Light">
      <UniqueIdentifier>{ba638cce-a8e3-41ab-8630-8bfd172cfa69}</UniqueIdentifier>
    </Filter>
    <Filter Include="0. Engine\Manager\LightManager">
      <UniqueIdentifier>{fd6523cb-ce43-458a-9ae2-4f6e90851713}</UniqueIdentifier>
    </Filter>
    <Filter Include="0. Engine\Mesh">
      <UniqueIdentifier>{f361951b-ac9d-439a-ba8d-ce4e092a2f11}</UniqueIdentifier>
    </Filter>
    <Filter Include="0. Engine\Mesh\0. Base">
      <UniqueIdentifier>{dc3edd8b-10fc-4be8-8bcd-1a5693b16035}</UniqueIdentifier>
    </Filter>
    <Filter Include="0. Engine\Mesh\97. Model">
      <UniqueIdentifier>{b17c13cc-9cf4-4e46-b42c-e6ceef0ddb80}</UniqueIdentifier>
    </Filter>
    <Filter Include="0. Engine\Mesh\SkinnedMesh">
      <UniqueIdentifier>{7fbb894e-5caa-4ceb-9109-4328a848cc7d}</UniqueIdentifier>
    </Filter>
    <Filter Include="0. Engine\Mesh\Mesh">
      <UniqueIdentifier>{65164ee6-eab6-4db4-b2ea-503a225c10a9}</UniqueIdentifier>
    </Filter>
    <Filter Include="0. Engine\System">
      <UniqueIdentifier>{83998bea-30b5-4e4f-ba61-d28a1c96bed0}</UniqueIdentifier>
    </Filter>
    <Filter Include="0. Engine\Component\Renderer">
      <UniqueIdentifier>{108eb639-ce77-48e8-9995-302a8daece4f}</UniqueIdentifier>
    </Filter>
    <Filter Include="0. Engine\Component\Renderer\MeshRenderer">
      <UniqueIdentifier>{eb1a1ad1-bab8-46b3-a863-c00453045ab6}</UniqueIdentifier>
    </Filter>
    <Filter Include="0. Engine\Component\Renderer\SkinnedMeshRenderer">
      <UniqueIdentifier>{236aa10c-fcd5-4c30-8f4d-bdceee42c467}</UniqueIdentifier>
    </Filter>
    <Filter Include="0. Engine\Component\Renderer\MeshFilter">
      <UniqueIdentifier>{36403c99-994f-4510-988b-dd61804b6186}</UniqueIdentifier>
    </Filter>
    <Filter Include="0. Engine\ImguiContainer\0. Editor\Dialog">
      <UniqueIdentifier>{b624ca82-4773-4df8-a3e8-20170caa8928}</UniqueIdentifier>
    </Filter>
    <Filter Include="0. Engine\ImguiContainer\0. Editor\Window">
      <UniqueIdentifier>{8942a0a1-260d-4081-9cf0-025238428f32}</UniqueIdentifier>
    </Filter>
    <Filter Include="0. Engine\ImguiContainer\0. Editor\Window\InspectorEditorWindow">
      <UniqueIdentifier>{32910d32-b0b7-478a-9151-c7a197ae73dc}</UniqueIdentifier>
    </Filter>
    <Filter Include="0. Engine\ImguiContainer\0. Editor\Window\GameViewEditorWindow">
      <UniqueIdentifier>{4a9f6bbf-fa1e-4f20-a06e-54309e41c38a}</UniqueIdentifier>
    </Filter>
    <Filter Include="0. Engine\ImguiContainer\0. Editor\Window\ConsoleEditorWindow">
      <UniqueIdentifier>{60e6a2ee-9abf-43bc-b205-3d829eb44405}</UniqueIdentifier>
    </Filter>
    <Filter Include="0. Engine\ImguiContainer\0. Editor\Window\AnimatorEditorWindow">
      <UniqueIdentifier>{d0d51dd0-9bd0-4ea6-bf76-45d5c964e916}</UniqueIdentifier>
    </Filter>
    <Filter Include="0. Engine\ImguiContainer\0. Editor\Window\ProjectEditorWindow">
      <UniqueIdentifier>{9cdf2c29-136c-436c-a9b0-b70b465778ad}</UniqueIdentifier>
    </Filter>
    <Filter Include="0. Engine\ImguiContainer\0. Editor\Window\SceneEditorWindow">
      <UniqueIdentifier>{89d6f2cb-5cb6-4d9c-9451-591c104f1bdb}</UniqueIdentifier>
    </Filter>
    <Filter Include="0. Engine\ImguiContainer\0. Editor\Window\SceneHierarchyWindow">
      <UniqueIdentifier>{a009764f-5f0b-4b42-9bc1-4bcf19eb46cc}</UniqueIdentifier>
    </Filter>
    <Filter Include="0. Engine\ImguiContainer\0. Editor\Dialog\MeshSelectEditorDialog">
      <UniqueIdentifier>{67f0205e-2566-43de-87a3-f41cf4800e09}</UniqueIdentifier>
    </Filter>
    <Filter Include="0. Engine\ImguiContainer\1. Base\EditorDialog">
      <UniqueIdentifier>{e08ae979-f41c-4070-90b0-6911cc8a525d}</UniqueIdentifier>
    </Filter>
    <Filter Include="0. Engine\Manager\DisplayManager">
      <UniqueIdentifier>{e2177798-7d6b-4d80-b0f8-c6633550736c}</UniqueIdentifier>
    </Filter>
    <Filter Include="0. Engine\Component\Animation">
      <UniqueIdentifier>{673a04fb-d4c4-494c-a3b9-b55dbae1e081}</UniqueIdentifier>
    </Filter>
    <Filter Include="0. Engine\Component\Animation\Animation">
      <UniqueIdentifier>{eee3ca21-828b-45df-985c-7e1aa824636b}</UniqueIdentifier>
    </Filter>
    <Filter Include="0. Engine\Component\Animation\Animator">
      <UniqueIdentifier>{eace4985-22b4-436e-92b9-32653807d231}</UniqueIdentifier>
    </Filter>
    <Filter Include="0. Engine\ImguiContainer\0. Editor\Dialog\AnimationClipSelectEditorDialog">
      <UniqueIdentifier>{484925ee-770a-448a-bec8-72589f6d5508}</UniqueIdentifier>
    </Filter>
    <Filter Include="0. Engine\Component\TerrainTool">
      <UniqueIdentifier>{f7983020-52dd-4ab8-9fa6-eabefe802d56}</UniqueIdentifier>
    </Filter>
    <Filter Include="0. Engine\ImguiContainer\0. Editor\Dialog\SkeletonAvataSelectEditorDialog">
      <UniqueIdentifier>{796a29c6-e7eb-48e4-b50c-d3431d99f269}</UniqueIdentifier>
    </Filter>
  </ItemGroup>
  <ItemGroup>
    <ClCompile Include="..\Source\Math\MathHelper.cpp">
      <Filter>2. Game\01. Common</Filter>
    </ClCompile>
    <ClCompile Include="..\Source\Graphics\GeometryGenerator.cpp">
      <Filter>2. Game\01. Common</Filter>
    </ClCompile>
    <ClCompile Include="..\Source\Graphics\LightHelper.cpp">
      <Filter>2. Game\01. Common</Filter>
    </ClCompile>
    <ClCompile Include="..\Source\Graphics\Waves.cpp">
      <Filter>2. Game\01. Common</Filter>
    </ClCompile>
    <ClCompile Include="..\Source\Core\GameTimer.cpp">
      <Filter>2. Game\01. Common</Filter>
    </ClCompile>
    <ClCompile Include="..\Source\Graphics\Effects.cpp">
      <Filter>0. Engine\98. Utils</Filter>
    </ClCompile>
    <ClCompile Include="..\Source\Graphics\Vertex.cpp">
      <Filter>0. Engine\98. Utils</Filter>
    </ClCompile>
    <ClCompile Include="..\Source\Core\Utils.cpp">
      <Filter>0. Engine\98. Utils</Filter>
    </ClCompile>
    <ClCompile Include="..\Source\Graphics\RenderStates.cpp">
      <Filter>0. Engine\98. Utils</Filter>
    </ClCompile>
    <ClCompile Include="..\Source\Graphics\BlurFilter.cpp">
      <Filter>0. Engine\98. Utils</Filter>
    </ClCompile>
    <ClCompile Include="..\Source\Graphics\Terrain.cpp">
      <Filter>2. Game\01. Common</Filter>
    </ClCompile>
    <ClCompile Include="..\Source\Graphics\Sky.cpp">
      <Filter>2. Game\01. Common</Filter>
    </ClCompile>
    <ClCompile Include="..\Source\Graphics\ParticleSystem.cpp">
      <Filter>2. Game\01. Common</Filter>
    </ClCompile>
    <ClCompile Include="..\Source\Graphics\ShadowMap.cpp">
      <Filter>2. Game\01. Common</Filter>
    </ClCompile>
    <ClCompile Include="..\Source\Physics\Octree.cpp">
      <Filter>2. Game\01. Common</Filter>
    </ClCompile>
    <ClCompile Include="..\Source\Graphics\Ssao.cpp">
      <Filter>2. Game\01. Common</Filter>
    </ClCompile>
    <ClCompile Include="..\Source\Graphics\MeshGeometry.cpp">
      <Filter>0. Engine\Mesh\97. Model</Filter>
    </ClCompile>
    <ClCompile Include="..\Source\Graphics\TextureMgr.cpp">
      <Filter>0. Engine\Mesh\97. Model</Filter>
    </ClCompile>
    <ClCompile Include="..\Source\Animation\AnimationHelper.cpp">
      <Filter>0. Engine\98. Utils</Filter>
    </ClCompile>
    <ClCompile Include="..\Source\Scene\Transform.cpp">
      <Filter>0. Engine\Component\Transform</Filter>
    </ClCompile>
    <ClCompile Include="..\Source\Scene\Component.cpp">
      <Filter>0. Engine\Component\0. Base</Filter>
    </ClCompile>
    <ClCompile Include="..\Source\Scene\GameObject.cpp">
      <Filter>0. Engine\GameObject</Filter>
    </ClCompile>
    <ClCompile Include="..\Source\Scene\MeshRenderer.cpp">
      <Filter>0. Engine\Component\Renderer\MeshRenderer</Filter>
    </ClCompile>
    <ClCompile Include="..\Source\Graphics\Shader.cpp">
      <Filter>0. Engine\Shader</Filter>
    </ClCompile>
    <ClCompile Include="..\Source\Graphics\NormalMapSkinnedShader.cpp">
      <Filter>0. Engine\Shader\NormalMapSkinned</Filter>
    </ClCompile>
    <ClCompile Include="..\Source\Animation\FBXLoader.cpp">
      <Filter>0. Engine\Mesh\0. Base</Filter>
    </ClCompile>
    <ClCompile Include="..\Source\Animation\LoadM3d.cpp">
      <Filter>0. Engine\Mesh\0. Base</Filter>
    </ClCompile>
    <ClCompile Include="..\Source\Animation\SkinnedData.cpp">
      <Filter>0. Engine\Mesh\SkinnedMesh</Filter>
    </ClCompile>
    <ClCompile Include="..\Source\Animation\SkinnedModel.cpp">
      <Filter>0. Engine\Mesh\SkinnedMesh</Filter>
    </ClCompile>
    <ClCompile Include="..\Source\Animation\SkinnedMesh.cpp">
      <Filter>0. Engine\Mesh\SkinnedMesh</Filter>
    </ClCompile>
    <ClCompile Include="..\Source\Graphics\Mesh.cpp">
      <Filter>0. Engine\Mesh\Mesh</Filter>
    </ClCompile>
    <ClCompile Include="..\Source\Scene\Scene.cpp">
      <Filter>0. Engine\Scene\0. Base</Filter>
    </ClCompile>
    <ClCompile Include="..\Source\Scene\SceneManager.cpp">
      <Filter>0. Engine\Scene\0. Base</Filter>
    </ClCompile>
    <ClCompile Include="..\Source\Math\vector_ex.cpp">
      <Filter>0. Engine\00. Header</Filter>
    </ClCompile>
    <ClCompile Include="..\Source\Core\define.cpp">
      <Filter>0. Engine\00. Header</Filter>
    </ClCompile>
    <ClCompile Include="..\Source\Platform\App.cpp">
      <Filter>0. Engine\App</Filter>
    </ClCompile>
    <ClCompile Include="..\Source\Editor\EditorGUIManager.cpp">
      <Filter>0. Engine\ImguiContainer\1. Base</Filter>
    </ClCompile>
    <ClCompile Include="..\Source\ThirdParty\ImGui\imgui.cpp">
      <Filter>0. Engine\ImguiContainer\0. Core</Filter>
    </ClCompile>
    <ClCompile Include="..\Source\ThirdParty\ImGui\imgui_demo.cpp">
      <Filter>0. Engine\ImguiContainer\0. Core</Filter>
    </ClCompile>
    <ClCompile Include="..\Source\ThirdParty\ImGui\imgui_draw.cpp">
      <Filter>0. Engine\ImguiContainer\0. Core</Filter>
    </ClCompile>
    <ClCompile Include="..\Source\ThirdParty\ImGui\imgui_impl_dx11.cpp">
      <Filter>0. Engine\ImguiContainer\0. Core</Filter>
    </ClCompile>
    <ClCompile Include="..\Source\ThirdParty\ImGui\imgui_impl_win32.cpp">
      <Filter>0. Engine\ImguiContainer\0. Core</Filter>
    </ClCompile>
    <ClCompile Include="..\Source\ThirdParty\ImGui\imgui_tables.cpp">
      <Filter>0. Engine\ImguiContainer\0. Core</Filter>
    </ClCompile>
    <ClCompile Include="..\Source\ThirdParty\ImGui\imgui_widgets.cpp">
      <Filter>0. Engine\ImguiContainer\0. Core</Filter>
    </ClCompile>
    <ClCompile Include="..\Source\Platform\Application.cpp">
      <Filter>0. Engine\App</Filter>
    </ClCompile>
    <ClCompile Include="..\Source\Editor\Windows\SceneHierachyEditorWindow.cpp">
      <Filter>0. Engine\ImguiContainer\0. Editor\Window\SceneHierarchyWindow</Filter>
    </ClCompile>
    <ClCompile Include="..\Source\Editor\EditorWindow.cpp">
      <Filter>0. Engine\ImguiContainer\1. Base\EditorWindow</Filter>
    </ClCompile>
    <ClCompile Include="..\Source\Editor\Windows\ProjectEditorWindow.cpp">
      <Filter>0. Engine\ImguiContainer\0. Editor\Window\ProjectEditorWindow</Filter>
    </ClCompile>
    <ClCompile Include="..\Source\Editor\Windows\SceneEditorWindow.cpp">
      <Filter>0. Engine\ImguiContainer\0. Editor\Window\SceneEditorWindow</Filter>
    </ClCompile>
    <ClCompile Include="..\Source\Editor\Windows\InspectorEditorWindow.cpp">
      <Filter>0. Engine\ImguiContainer\0. Editor\Window\InspectorEditorWindow</Filter>
    </ClCompile>
    <ClCompile Include="..\Source\Platform\Main.cpp">
      <Filter>0. Engine</Filter>
    </ClCompile>
    <ClCompile Include="..\Source\Editor\EditorApp.cpp" />
    <ClCompile Include="..\Source\Platform\pch.cpp">
      <Filter>0. Engine\00. Header</Filter>
    </ClCompile>
    <ClCompile Include="..\Source\Math\SimpleMath.cpp">
      <Filter>0. Engine\00. Header</Filter>
    </ClCompile>
    <ClCompile Include="..\Source\Graphics\RenderManager.cpp">
      <Filter>0. Engine\Manager\RenderManager</Filter>
    </ClCompile>
    <ClCompile Include="..\Source\Physics\PhysicsManager.cpp">
      <Filter>0. Engine\Physics\PhysicsManager</Filter>
    </ClCompile>
    <ClCompile Include="..\Source\Scene\RigidBody.cpp">
      <Filter>0. Engine\Component\RigidBody</Filter>
    </ClCompile>
    <ClCompile Include="..\Source\Core\TimeManager.cpp">
      <Filter>0. Engine\Manager\TimeManager</Filter>
    </ClCompile>
    <ClCompile Include="..\Source\Scene\BoxCollider.cpp">
      <Filter>0. Engine\Component\Collider\BoxCollider</Filter>
    </ClCompile>
    <ClCompile Include="..\Source\Scene\Collider.cpp">
      <Filter>0. Engine\Component\Collider</Filter>
    </ClCompile>
    <ClCompile Include="..\Source\Editor\Gizmo.cpp">
      <Filter>0. Engine\98. Utils</Filter>
    </ClCompile>
    <ClCompile Include="..\Source\Graphics\UMaterial.cpp">
      <Filter>0. Engine\Shader\Material</Filter>
    </ClCompile>
    <ClCompile Include="..\Source\Editor\SelectionManager.cpp">
      <Filter>0. Engine\Manager\Editor\SelectionManager</Filter>
    </ClCompile>
    <ClCompile Include="..\Source\Editor\EditorUtility.cpp">
      <Filter>0. Engine\98. Utils\EditorUtility</Filter>
    </ClCompile>
    <ClCompile Include="..\Source\Scene\ResourceManager.cpp">
      <Filter>0. Engine\Manager\ResourceManager</Filter>
    </ClCompile>
    <ClCompile Include="..\Source\Core\InputManager.cpp">
      <Filter>0. Engine\Manager\InputManager</Filter>
    </ClCompile>
    <ClCompile Include="..\Source\Editor\EditorSettingManager.cpp">
      <Filter>0. Engine\Manager\Editor\EditorSettingManager</Filter>
    </ClCompile>
    <ClCompile Include="..\Source\Scene\ComponentFactory.cpp">
      <Filter>0. Engine\Component\0. Base</Filter>
    </ClCompile>
    <ClCompile Include="..\Source\Editor\SceneViewManager.cpp">
      <Filter>0. Engine\Manager\Editor\SceneViewManager</Filter>
    </ClCompile>
    <ClCompile Include="..\Source\Editor\EditorCamera.cpp">
      <Filter>0. Engine\Component\0. Editor\EditorCamera</Filter>
    </ClCompile>
    <ClCompile Include="..\Source\Graphics\PostProcessingManager.cpp">
      <Filter>0. Engine\Manager\PostProcessingManager</Filter>
    </ClCompile>
    <ClCompile Include="..\Source\Editor\Windows\GameViewEditorWindow.cpp">
      <Filter>0. Engine\ImguiContainer\0. Editor\Window\GameViewEditorWindow</Filter>
    </ClCompile>
    <ClCompile Include="..\Source\Scene\Camera.cpp">
      <Filter>0. Engine\Component\Camera</Filter>
    </ClCompile>
    <ClCompile Include="..\Source\Scene\SphereCollider.cpp">
      <Filter>0. Engine\Component\Collider\SphereCollider</Filter>
    </ClCompile>
    <ClCompile Include="..\Source\Editor\Windows\ConsoleEditorWindow.cpp">
      <Filter>0. Engine\ImguiContainer\0. Editor\Window\ConsoleEditorWindow</Filter>
    </ClCompile>
    <ClCompile Include="..\Source\Core\Debug.cpp">
      <Filter>1. Editor\Debug</Filter>
    </ClCompile>
    <ClCompile Include="..\Source\Math\VectorUtils.cpp">
      <Filter>0. Engine\98. Utils\Vector</Filter>
    </ClCompile>
    <ClCompile Include="..\Source\Physics\CollisionDetector.cpp">
      <Filter>0. Engine\Physics\CollisionDetector</Filter>
    </ClCompile>
    <ClCompile Include="..\Source\Physics\CollisionResolver.cpp">
      <Filter>0. Engine\Physics\CollisionResolver</Filter>
    </ClCompile>
    <ClCompile Include="..\Source\Math\Matrix3.cpp">
      <Filter>0. Engine\98. Utils\Type</Filter>
    </ClCompile>
    <ClCompile Include="..\Source\Core\JsonUtility.cpp">
      <Filter>0. Engine\98. Utils\Json</Filter>
    </ClCompile>
    <ClCompile Include="..\Source\ThirdParty\ImGui\ImGuiNodeEditor\crude_json.cpp">
      <Filter>0. Engine\ImguiContainer\0. Core\0. NodeEditor</Filter>
    </ClCompile>
    <ClCompile Include="..\Source\ThirdParty\ImGui\ImGuiNodeEditor\imgui_canvas.cpp">
      <Filter>0. Engine\ImguiContainer\0. Core\0. NodeEditor</Filter>
    </ClCompile>
    <ClCompile Include="..\Source\ThirdParty\ImGui\ImGuiNodeEditor\imgui_node_editor.cpp">
      <Filter>0. Engine\ImguiContainer\0. Core\0. NodeEditor</Filter>
    </ClCompile>
    <ClCompile Include="..\Source\ThirdParty\ImGui\ImGuiNodeEditor\imgui_node_editor_api.cpp">
      <Filter>0. Engine\ImguiContainer\0. Core\0. NodeEditor</Filter>
    </ClCompile>
    <ClCompile Include="..\Source\Editor\Windows\AnimatorEditorWindow.cpp">
      <Filter>0. Engine\ImguiContainer\0. Editor\Window\AnimatorEditorWindow</Filter>
    </ClCompile>
    <ClCompile Include="..\Source\Core\PathManager.cpp">
      <Filter>0. Engine\Manager\PathManager</Filter>
    </ClCompile>
    <ClCompile Include="..\Source\Graphics\InstancingBuffer.cpp">
      <Filter>0. Engine\InstancingBuffer</Filter>
    </ClCompile>
    <ClCompile Include="..\Source\Scene\Light.cpp">
      <Filter>0. Engine\Component\Light</Filter>
    </ClCompile>
    <ClCompile Include="..\Source\Scene\LightManager.cpp">
      <Filter>0. Engine\Manager\LightManager</Filter>
    </ClCompile>
    <ClCompile Include="..\Source\Graphics\ShaderSetting.cpp">
      <Filter>0. Engine\00. Header</Filter>
    </ClCompile>
    <ClCompile Include="..\Source\Editor\EditorGUI.cpp" />
    <ClCompile Include="..\Source\Editor\EditorGUIResourceManager.cpp" />
    <ClCompile Include="..\Source\Editor\EditorGUIStyle.cpp" />
    <ClCompile Include="..\Source\Core\Task.cpp" />
    <ClCompile Include="..\Source\Core\TaskSystem.cpp" />
    <ClCompile Include="..\Source\Scene\SkinnedMeshRenderer.cpp">
      <Filter>0. Engine\Component\Renderer\SkinnedMeshRenderer</Filter>
    </ClCompile>
    <ClCompile Include="..\Source\Core\File.cpp">
      <Filter>0. Engine\System</Filter>
    </ClCompile>
    <ClCompile Include="..\Source\Graphics\MeshUtility.cpp">
      <Filter>0. Engine\System</Filter>
    </ClCompile>
    <ClCompile Include="MeshFilter.cpp">
      <Filter>0. Engine\Component\Renderer\MeshFilter</Filter>
    </ClCompile>
    <ClCompile Include="..\Source\Editor\Dialogs\MeshSelectEditorDialog.cpp">
      <Filter>0. Engine\ImguiContainer\0. Editor\Dialog\MeshSelectEditorDialog</Filter>
    </ClCompile>
    <ClCompile Include="..\Source\Editor\EditorDailog.cpp">
      <Filter>0. Engine\ImguiContainer\1. Base\EditorDialog</Filter>
    </ClCompile>
    <ClCompile Include="..\Source\Graphics\DisplayManager.cpp">
      <Filter>0. Engine\Manager\DisplayManager</Filter>
    </ClCompile>
    <ClCompile Include="..\Source\Scene\AnimationPlayer.cpp">
      <Filter>0. Engine\Component\Animation\Animation</Filter>
    </ClCompile>
    <ClCompile Include="..\Source\Editor\Dialogs\AnimationClipSelectEditorDialog.cpp">
      <Filter>0. Engine\ImguiContainer\0. Editor\Dialog\AnimationClipSelectEditorDialog</Filter>
    </ClCompile>
    <ClCompile Include="..\Source\Scene\TerrainTool.cpp">
      <Filter>0. Engine\Component\TerrainTool</Filter>
    </ClCompile>
    <ClCompile Include="..\Source\Editor\Dialogs\SkeletonAvataSelectEditorDailog.cpp">
      <Filter>0. Engine\ImguiContainer\0. Editor\Dialog\SkeletonAvataSelectEditorDialog</Filter>
    </ClCompile>
  </ItemGroup>
  <ItemGroup>
    <ClInclude Include="..\Source\Math\MathHelper.h">
      <Filter>2. Game\01. Common</Filter>
    </ClInclude>
    <ClInclude Include="..\Source\Graphics\GeometryGenerator.h">
      <Filter>2. Game\01. Common</Filter>
    </ClInclude>
    <ClInclude Include="..\Source\Graphics\LightHelper.h">
      <Filter>2. Game\01. Common</Filter>
    </ClInclude>
    <ClInclude Include="..\Source\Graphics\Waves.h">
      <Filter>2. Game\01. Common</Filter>
    </ClInclude>
    <ClInclude Include="..\Source\Core\GameTimer.h">
      <Filter>2. Game\01. Common</Filter>
    </ClInclude>
    <ClInclude Include="..\Source\Graphics\Effects.h">
      <Filter>0. Engine\98. Utils</Filter>
    </ClInclude>
    <ClInclude Include="..\Source\Graphics\Vertex.h">
      <Filter>0. Engine\98. Utils</Filter>
    </ClInclude>
    <ClInclude Include="..\Source\Core\Utils.h">
      <Filter>0. Engine\98. Utils</Filter>
    </ClInclude>
    <ClInclude Include="..\Source\Graphics\RenderStates.h">
      <Filter>0. Engine\98. Utils</Filter>
    </ClInclude>
    <ClInclude Include="..\Source\Graphics\BlurFilter.h">
      <Filter>0. Engine\98. Utils</Filter>
    </ClInclude>
    <ClInclude Include="..\Source\Graphics\Terrain.h">
      <Filter>2. Game\01. Common</Filter>
    </ClInclude>
    <ClInclude Include="..\Source\Graphics\Sky.h">
      <Filter>2. Game\01. Common</Filter>
    </ClInclude>
    <ClInclude Include="..\Source\Graphics\ParticleSystem.h">
      <Filter>2. Game\01. Common</Filter>
    </ClInclude>
    <ClInclude Include="..\Source\Graphics\ShadowMap.h">
      <Filter>2. Game\01. Common</Filter>
    </ClInclude>
    <ClInclude Include="..\Source\Physics\Octree.h">
      <Filter>2. Game\01. Common</Filter>
    </ClInclude>
    <ClInclude Include="..\Source\Graphics\Ssao.h">
      <Filter>2. Game\01. Common</Filter>
    </ClInclude>
    <ClInclude Include="..\Source\Graphics\MeshGeometry.h">
      <Filter>0. Engine\Mesh\97. Model</Filter>
    </ClInclude>
    <ClInclude Include="..\Source\Graphics\TextureMgr.h">
      <Filter>0. Engine\Mesh\97. Model</Filter>
    </ClInclude>
    <ClInclude Include="..\Source\Animation\AnimationHelper.h">
      <Filter>0. Engine\98. Utils</Filter>
    </ClInclude>
    <ClInclude Include="..\Source\Scene\Transform.h">
      <Filter>0. Engine\Component\Transform</Filter>
    </ClInclude>
    <ClInclude Include="..\Source\Scene\Component.h">
      <Filter>0. Engine\Component\0. Base</Filter>
    </ClInclude>
    <ClInclude Include="..\Source\Scene\GameObject.h">
      <Filter>0. Engine\GameObject</Filter>
    </ClInclude>
    <ClInclude Include="..\Source\Scene\MeshRenderer.h">
      <Filter>0. Engine\Component\Renderer\MeshRenderer</Filter>
    </ClInclude>
    <ClInclude Include="..\Source\Graphics\Shader.h">
      <Filter>0. Engine\Shader</Filter>
    </ClInclude>
    <ClInclude Include="..\Source\Graphics\NormalMapSkinnedShader.h">
      <Filter>0. Engine\Shader\NormalMapSkinned</Filter>
    </ClInclude>
    <ClInclude Include="..\Source\Animation\FBXLoader.h">
      <Filter>0. Engine\Mesh\0. Base</Filter>
    </ClInclude>
    <ClInclude Include="..\Source\Animation\LoadM3d.h">
      <Filter>0. Engine\Mesh\0. Base</Filter>
    </ClInclude>
    <ClInclude Include="..\Source\Platform\resource.h" />
    <ClInclude Include="..\Source\Animation\SkinnedData.h">
      <Filter>0. Engine\Mesh\SkinnedMesh</Filter>
    </ClInclude>
    <ClInclude Include="..\Source\Animation\SkinnedModel.h">
      <Filter>0. Engine\Mesh\SkinnedMesh</Filter>
    </ClInclude>
    <ClInclude Include="..\Source\Animation\SkinnedMesh.h">
      <Filter>0. Engine\Mesh\SkinnedMesh</Filter>
    </ClInclude>
    <ClInclude Include="..\Source\Graphics\Mesh.h">
      <Filter>0. Engine\Mesh\Mesh</Filter>
    </ClInclude>
    <ClInclude Include="..\Source\Scene\Scene.h">
      <Filter>0. Engine\Scene\0. Base</Filter>
    </ClInclude>
    <ClInclude Include="..\Source\Scene\SceneManager.h">
      <Filter>0. Engine\Scene\0. Base</Filter>
    </ClInclude>
    <ClInclude Include="..\Source\Math\vector_ex.h">
      <Filter>0. Engine\00. Header</Filter>
    </ClInclude>
    <ClInclude Include="..\Source\Core\define.h">
      <Filter>0. Engine\00. Header</Filter>
    </ClInclude>
    <ClInclude Include="..\Source\Platform\App.h">
      <Filter>0. Engine\App</Filter>
    </ClInclude>
    <ClInclude Include="..\Source\Editor\EditorGUIManager.h">
      <Filter>0. Engine\ImguiContainer\1. Base</Filter>
    </ClInclude>
    <ClInclude Include="..\Source\ThirdParty\ImGui\imconfig.h">
      <Filter>0. Engine\ImguiContainer\0. Core</Filter>
    </ClInclude>
    <ClInclude Include="..\Source\ThirdParty\ImGui\imgui.h">
      <Filter>0. Engine\ImguiContainer\0. Core</Filter>
    </ClInclude>
    <ClInclude Include="..\Source\ThirdParty\ImGui\imgui_impl_dx11.h">
      <Filter>0. Engine\ImguiContainer\0. Core</Filter>
    </ClInclude>
    <ClInclude Include="..\Source\ThirdParty\ImGui\imgui_impl_win32.h">
      <Filter>0. Engine\ImguiContainer\0. Core</Filter>
    </ClInclude>
    <ClInclude Include="..\Source\ThirdParty\ImGui\imgui_internal.h">
      <Filter>0. Engine\ImguiContainer\0. Core</Filter>
    </ClInclude>
    <ClInclude Include="..\Source\ThirdParty\ImGui\imstb_rectpack.h">
      <Filter>0. Engine\ImguiContainer\0. Core</Filter>
    </ClInclude>
    <ClInclude Include="..\Source\ThirdParty\ImGui\imstb_textedit.h">
      <Filter>0. Engine\ImguiContainer\0. Core</Filter>
    </ClInclude>
    <ClInclude Include="..\Source\ThirdParty\ImGui\imstb_truetype.h">
      <Filter>0. Engine\ImguiContainer\0. Core</Filter>
    </ClInclude>
    <ClInclude Include="..\Source\Platform\Application.h">
      <Filter>0. Engine\App</Filter>
    </ClInclude>
    <ClInclude Include="..\Source\Editor\Windows\SceneHierachyEditorWindow.h">
      <Filter>0. Engine\ImguiContainer\0. Editor\Window\SceneHierarchyWindow</Filter>
    </ClInclude>
    <ClInclude Include="..\Source\Editor\EditorWindow.h">
      <Filter>0. Engine\ImguiContainer\1. Base\EditorWindow</Filter>
    </ClInclude>
    <ClInclude Include="..\Source\Editor\Windows\ProjectEditorWindow.h">
      <Filter>0. Engine\ImguiContainer\0. Editor\Window\ProjectEditorWindow</Filter>
    </ClInclude>
    <ClInclude Include="..\Source\Editor\Windows\SceneEditorWindow.h">
      <Filter>0. Engine\ImguiContainer\0. Editor\Window\SceneEditorWindow</Filter>
    </ClInclude>
    <ClInclude Include="..\Source\Editor\Windows\InspectorEditorWindow.h">
      <Filter>0. Engine\ImguiContainer\0. Editor\Window\InspectorEditorWindow</Filter>
    </ClInclude>
    <ClInclude Include="..\Source\Editor\EditorApp.h" />
    <ClInclude Include="..\Source\Platform\pch.h">
      <Filter>0. Engine\00. Header</Filter>
    </ClInclude>
    <ClInclude Include="..\Source\Math\SimpleMath.h">
      <Filter>0. Engine\00. Header</Filter>
    </ClInclude>
    <ClInclude Include="..\Source\Core\Types.h">
      <Filter>0. Engine\00. Header</Filter>
    </ClInclude>
    <ClInclude Include="..\Source\Graphics\RenderManager.h">
      <Filter>0. Engine\Manager\RenderManager</Filter>
    </ClInclude>
    <ClInclude Include="..\Source\Physics\PhysicsManager.h">
      <Filter>0. Engine\Physics\PhysicsManager</Filter>
    </ClInclude>
    <ClInclude Include="..\Source\Scene\RigidBody.h">
      <Filter>0. Engine\Component\RigidBody</Filter>
    </ClInclude>
    <ClInclude Include="..\Source\Core\TimeManager.h">
      <Filter>0. Engine\Manager\TimeManager</Filter>
    </ClInclude>
    <ClInclude Include="..\Source\Scene\BoxCollider.h">
      <Filter>0. Engine\Component\Collider\BoxCollider</Filter>
    </ClInclude>
    <ClInclude Include="..\Source\Scene\Collider.h">
      <Filter>0. Engine\Component\Collider</Filter>
    </ClInclude>
    <ClInclude Include="..\Source\Editor\Gizmo.h">
      <Filter>0. Engine\98. Utils</Filter>
    </ClInclude>
    <ClInclude Include="..\Source\Graphics\UMaterial.h">
      <Filter>0. Engine\Shader\Material</Filter>
    </ClInclude>
    <ClInclude Include="..\Source\Editor\SelectionManager.h">
      <Filter>0. Engine\Manager\Editor\SelectionManager</Filter>
    </ClInclude>
    <ClInclude Include="..\Source\Editor\EditorUtility.h">
      <Filter>0. Engine\98. Utils\EditorUtility</Filter>
    </ClInclude>
    <ClInclude Include="..\Source\Scene\ResourceManager.h">
      <Filter>0. Engine\Manager\ResourceManager</Filter>
    </ClInclude>
    <ClInclude Include="..\Source\Core\InputManager.h">
      <Filter>0. Engine\Manager\InputManager</Filter>
    </ClInclude>
    <ClInclude Include="..\Source\Editor\EditorSettingManager.h">
      <Filter>0. Engine\Manager\Editor\EditorSettingManager</Filter>
    </ClInclude>
    <ClInclude Include="..\Source\Scene\ComponentFactory.h">
      <Filter>0. Engine\Component\0. Base</Filter>
    </ClInclude>
    <ClInclude Include="..\Source\Editor\SceneViewManager.h">
      <Filter>0. Engine\Manager\Editor\SceneViewManager</Filter>
    </ClInclude>
    <ClInclude Include="..\Source\Editor\EditorCamera.h">
      <Filter>0. Engine\Component\0. Editor\EditorCamera</Filter>
    </ClInclude>
    <ClInclude Include="..\Source\Graphics\PostProcessingManager.h">
      <Filter>0. Engine\Manager\PostProcessingManager</Filter>
    </ClInclude>
    <ClInclude Include="..\Source\Editor\Windows\GameViewEditorWindow.h">
      <Filter>0. Engine\ImguiContainer\0. Editor\Window\GameViewEditorWindow</Filter>
    </ClInclude>
    <ClInclude Include="..\Source\Scene\Camera.h">
      <Filter>0. Engine\Component\Camera</Filter>
    </ClInclude>
    <ClInclude Include="..\Source\Scene\SphereCollider.h">
      <Filter>0. Engine\Component\Collider\SphereCollider</Filter>
    </ClInclude>
    <ClInclude Include="..\Source\Editor\Windows\ConsoleEditorWindow.h">
      <Filter>0. Engine\ImguiContainer\0. Editor\Window\ConsoleEditorWindow</Filter>
    </ClInclude>
    <ClInclude Include="..\Source\Core\Debug.h">
      <Filter>1. Editor\Debug</Filter>
    </ClInclude>
    <ClInclude Include="..\Source\Math\VectorUtils.h">
      <Filter>0. Engine\98. Utils\Vector</Filter>
    </ClInclude>
    <ClInclude Include="..\Source\Physics\CollisionDetector.h">
      <Filter>0. Engine\Physics\CollisionDetector</Filter>
    </ClInclude>
    <ClInclude Include="..\Source\Physics\CollisionResolver.h">
      <Filter>0. Engine\Physics\CollisionResolver</Filter>
    </ClInclude>
    <ClInclude Include="..\Source\Math\Matrix3.h">
      <Filter>0. Engine\98. Utils\Type</Filter>
    </ClInclude>
    <ClInclude Include="..\Source\Core\JsonUtility.h">
      <Filter>0. Engine\98. Utils\Json</Filter>
    </ClInclude>
    <ClInclude Include="..\Source\ThirdParty\ImGui\ImGuiNodeEditor\crude_json.h">
      <Filter>0. Engine\ImguiContainer\0. Core\0. NodeEditor</Filter>
    </ClInclude>
    <ClInclude Include="..\Source\ThirdParty\ImGui\ImGuiNodeEditor\imgui_bezier_math.h">
      <Filter>0. Engine\ImguiContainer\0. Core\0. NodeEditor</Filter>
    </ClInclude>
    <ClInclude Include="..\Source\ThirdParty\ImGui\ImGuiNodeEditor\imgui_canvas.h">
      <Filter>0. Engine\ImguiContainer\0. Core\0. NodeEditor</Filter>
    </ClInclude>
    <ClInclude Include="..\Source\ThirdParty\ImGui\ImGuiNodeEditor\imgui_extra_math.h">
      <Filter>0. Engine\ImguiContainer\0. Core\0. NodeEditor</Filter>
    </ClInclude>
    <ClInclude Include="..\Source\ThirdParty\ImGui\ImGuiNodeEditor\imgui_node_editor.h">
      <Filter>0. Engine\ImguiContainer\0. Core\0. NodeEditor</Filter>
    </ClInclude>
    <ClInclude Include="..\Source\ThirdParty\ImGui\ImGuiNodeEditor\imgui_node_editor_internal.h">
      <Filter>0. Engine\ImguiContainer\0. Core\0. NodeEditor</Filter>
    </ClInclude>
    <ClInclude Include="..\Source\Editor\Windows\AnimatorEditorWindow.h">
      <Filter>0. Engine\ImguiContainer\0. Editor\Window\AnimatorEditorWindow</Filter>
    </ClInclude>
    <ClInclude Include="..\Source\Core\PathManager.h">
      <Filter>0. Engine\Manager\PathManager</Filter>
    </ClInclude>
    <ClInclude Include="..\Source\Graphics\InstancingBuffer.h">
      <Filter>0. Engine\InstancingBuffer</Filter>
    </ClInclude>
    <ClInclude Include="..\Source\Scene\Light.h">
      <Filter>0. Engine\Component\Light</Filter>
    </ClInclude>
    <ClInclude Include="..\Source\Scene\LightManager.h">
      <Filter>0. Engine\Manager\LightManager</Filter>
    </ClInclude>
    <ClInclude Include="..\Source\Graphics\ShaderSetting.h">
      <Filter>0. Engine\00. Header</Filter>
    </ClInclude>
    <ClInclude Include="..\Source\Editor\EditorGUI.h" />
    <ClInclude Include="..\Source\Editor\EditorGUIResourceManager.h" />
    <ClInclude Include="..\Source\Editor\EditorGUIStyle.h" />
    <ClInclude Include="..\Source\Core\Task.h" />
    <ClInclude Include="..\Source\Core\TaskSystem.h" />
    <ClInclude Include="..\Source\Scene\SkinnedMeshRenderer.h">
      <Filter>0. Engine\Component\Renderer\SkinnedMeshRenderer</Filter>
    </ClInclude>
    <ClInclude Include="..\Source\Core\File.h">
      <Filter>0. Engine\System</Filter>
    </ClInclude>
    <ClInclude Include="..\Source\Graphics\MeshUtility.h">
      <Filter>0. Engine\System</Filter>
    </ClInclude>
    <ClInclude Include="MeshFilter.h">
      <Filter>0. Engine\Component\Renderer\MeshFilter</Filter>
    </ClInclude>
    <ClInclude Include="..\Source\Editor\Dialogs\MeshSelectEditorDialog.h">
      <Filter>0. Engine\ImguiContainer\0. Editor\Dialog\MeshSelectEditorDialog</Filter>
    </ClInclude>
    <ClInclude Include="..\Source\Editor\EditorDailog.h">
      <Filter>0. Engine\ImguiContainer\1. Base\EditorDialog</Filter>
    </ClInclude>
    <ClInclude Include="..\Source\Graphics\DisplayManager.h">
      <Filter>0. Engine\Manager\DisplayManager</Filter>
    </ClInclude>
    <ClInclude Include="..\Source\Scene\AnimationPlayer.h">
      <Filter>0. Engine\Component\Animation\Animation</Filter>
    </ClInclude>
    <ClInclude Include="..\Source\Editor\Dialogs\AnimationClipSelectEditorDialog.h">
      <Filter>0. Engine\ImguiContainer\0. Editor\Dialog\AnimationClipSelectEditorDialog</Filter>
    </ClInclude>
    <ClInclude Include="..\Source\Scene\TerrainTool.h">
      <Filter>0. Engine\Component\TerrainTool</Filter>
    </ClInclude>
    <ClInclude Include="..\Source\Editor\Dialogs\SkeletonAvataSelectEditorDailog.h">
      <Filter>0. Engine\ImguiContainer\0. Editor\Dialog\SkeletonAvataSelectEditorDialog</Filter>
    </ClInclude>
  </ItemGroup>
  <ItemGroup>
    <FxCompile Include="..\Shaders\02. Color.fx">
      <Filter>2. Game\Shaders</Filter>
    </FxCompile>
    <FxCompile Include="..\Shaders\07. LightHelper.fx">
      <Filter>2. Game\Shaders</Filter>
    </FxCompile>
    <FxCompile Include="..\Shaders\07. Lighting.fx">
      <Filter>2. Game\Shaders</Filter>
    </FxCompile>
    <FxCompile Include="..\Shaders\08. Basic.fx">
      <Filter>2. Game\Shaders</Filter>
    </FxCompile>
    <FxCompile Include="..\Shaders\10. Basic.fx">
      <Filter>2. Game\Shaders</Filter>
    </FxCompile>
    <FxCompile Include="..\Shaders\12. TreeSprite.fx">
      <Filter>2. Game\Shaders</Filter>
    </FxCompile>
    <FxCompile Include="..\Shaders\13. VecAdd.fx">
      <Filter>2. Game\Shaders</Filter>
    </FxCompile>
    <FxCompile Include="..\Shaders\14. Blur.fx">
      <Filter>2. Game\Shaders</Filter>
    </FxCompile>
    <FxCompile Include="..\Shaders\15. Tessellation.fx">
      <Filter>2. Game\Shaders</Filter>
    </FxCompile>
    <FxCompile Include="..\Shaders\16. TriTessellation.fx">
      <Filter>2. Game\Shaders</Filter>
    </FxCompile>
    <FxCompile Include="..\Shaders\17. BezierTessellation.fx">
      <Filter>2. Game\Shaders</Filter>
    </FxCompile>
    <FxCompile Include="..\Shaders\19. InstancedBasic.fx">
      <Filter>2. Game\Shaders</Filter>
    </FxCompile>
    <FxCompile Include="..\Shaders\21. Sky.fx">
      <Filter>2. Game\Shaders</Filter>
    </FxCompile>
    <FxCompile Include="..\Shaders\22. Basic.fx">
      <Filter>2. Game\Shaders</Filter>
    </FxCompile>
    <FxCompile Include="..\Shaders\23. DisplacementMap.fx">
      <Filter>2. Game\Shaders</Filter>
    </FxCompile>
    <FxCompile Include="..\Shaders\23. NormalMap.fx">
      <Filter>2. Game\Shaders</Filter>
    </FxCompile>
    <FxCompile Include="..\Shaders\24. Terrain.fx">
      <Filter>2. Game\Shaders</Filter>
    </FxCompile>
    <FxCompile Include="..\Shaders\25. Fire.fx">
      <Filter>2. Game\Shaders</Filter>
    </FxCompile>
    <FxCompile Include="..\Shaders\25. Rain.fx">
      <Filter>2. Game\Shaders</Filter>
    </FxCompile>
    <FxCompile Include="..\Shaders\26. DebugTexture.fx">
      <Filter>2. Game\Shaders</Filter>
    </FxCompile>
    <FxCompile Include="..\Shaders\26. BuildShadowMap.fx">
      <Filter>2. Game\Shaders</Filter>
    </FxCompile>
    <FxCompile Include="..\Shaders\26. Basic.fx">
      <Filter>2. Game\Shaders</Filter>
    </FxCompile>
    <FxCompile Include="..\Shaders\27. AmbientOcclusion.fx">
      <Filter>2. Game\Shaders</Filter>
    </FxCompile>
    <FxCompile Include="..\Shaders\28. Ssao.fx">
      <Filter>2. Game\Shaders</Filter>
    </FxCompile>
    <FxCompile Include="..\Shaders\28. SsaoBlur.fx">
      <Filter>2. Game\Shaders</Filter>
    </FxCompile>
    <FxCompile Include="..\Shaders\28. SsaoNormalDepth.fx">
      <Filter>2. Game\Shaders</Filter>
    </FxCompile>
    <FxCompile Include="..\Shaders\28. Basic.fx">
      <Filter>2. Game\Shaders</Filter>
    </FxCompile>
    <FxCompile Include="..\Shaders\31. NormalMapSkinned.fx">
      <Filter>2. Game\Shaders</Filter>
    </FxCompile>
    <FxCompile Include="..\Shaders\32. InstancedBasic.fx">
      <Filter>2. Game\Shaders</Filter>
    </FxCompile>
  </ItemGroup>
  <ItemGroup>
    <ResourceCompile Include="..\Source\Platform\DX11.rc" />
  </ItemGroup>
  <ItemGroup>
    <None Include="..\Source\Math\SimpleMath.inl">
      <Filter>0. Engine\00. Header</Filter>
    </None>
    <None Include="..\Source\ThirdParty\ImGui\ImGuiNodeEditor\imgui_bezier_math.inl">
      <Filter>0. Engine\ImguiContainer\0. Core\0. NodeEditor</Filter>
    </None>
    <None Include="..\Source\ThirdParty\ImGui\ImGuiNodeEditor\imgui_extra_math.inl">
      <Filter>0. Engine\ImguiContainer\0. Core\0. NodeEditor</Filter>
    </None>
    <None Include="..\Source\ThirdParty\ImGui\ImGuiNodeEditor\imgui_node_editor_internal.inl">
      <Filter>0. Engine\ImguiContainer\0. Core\0. NodeEditor</Filter>
    </None>
  </ItemGroup>
</Project>
